
Microsoft Visual Studio Solution File, Format Version 12.00
# Visual Studio 15
VisualStudioVersion = 15.0.27004.2009
MinimumVisualStudioVersion = 10.0.40219.1
Project("{FAE04EC0-301F-11D3-BF4B-00C04F79EFBC}") = "LibDayDataExtractor", "src\LibDayDataExtractor\LibDayDataExtractor.csproj", "{E3378448-65EF-44B6-BEA2-84E1108E01DA}"
	ProjectSection(ProjectDependencies) = postProject
		{A536B02A-B0B1-4753-8328-17369EF09976} = {A536B02A-B0B1-4753-8328-17369EF09976}
		{940015B7-F05D-402E-9330-E616A6CE9D7A} = {940015B7-F05D-402E-9330-E616A6CE9D7A}
	EndProjectSection
EndProject
Project("{9A19103F-16F7-4668-BE54-9A1E7A4F7556}") = "FFmpeg.AutoGen", "src\FFmpeg.AutoGen\FFmpeg.AutoGen\FFmpeg.AutoGen.csproj", "{A536B02A-B0B1-4753-8328-17369EF09976}"
EndProject
Project("{FAE04EC0-301F-11D3-BF4B-00C04F79EFBC}") = "LibDayDataExtractorTests", "tests\LibDayDataExtractorTests.csproj", "{0CF3482A-E508-4E96-B110-B5EE97DDF359}"
EndProject
Project("{FAE04EC0-301F-11D3-BF4B-00C04F79EFBC}") = "Ripper", "src\Ripper\Ripper.csproj", "{940015B7-F05D-402E-9330-E616A6CE9D7A}"
EndProject
Global
	GlobalSection(SolutionConfigurationPlatforms) = preSolution
		Debug|Any CPU = Debug|Any CPU
		Debug|x64 = Debug|x64
		Debug|x86 = Debug|x86
		Release|Any CPU = Release|Any CPU
		Release|x64 = Release|x64
		Release|x86 = Release|x86
	EndGlobalSection
	GlobalSection(ProjectConfigurationPlatforms) = postSolution
		{E3378448-65EF-44B6-BEA2-84E1108E01DA}.Debug|Any CPU.ActiveCfg = Debug|Any CPU
		{E3378448-65EF-44B6-BEA2-84E1108E01DA}.Debug|Any CPU.Build.0 = Debug|Any CPU
		{E3378448-65EF-44B6-BEA2-84E1108E01DA}.Debug|x64.ActiveCfg = Debug|Any CPU
		{E3378448-65EF-44B6-BEA2-84E1108E01DA}.Debug|x64.Build.0 = Debug|Any CPU
		{E3378448-65EF-44B6-BEA2-84E1108E01DA}.Debug|x86.ActiveCfg = Debug|Any CPU
		{E3378448-65EF-44B6-BEA2-84E1108E01DA}.Debug|x86.Build.0 = Debug|Any CPU
		{E3378448-65EF-44B6-BEA2-84E1108E01DA}.Release|Any CPU.ActiveCfg = Release|Any CPU
		{E3378448-65EF-44B6-BEA2-84E1108E01DA}.Release|Any CPU.Build.0 = Release|Any CPU
		{E3378448-65EF-44B6-BEA2-84E1108E01DA}.Release|x64.ActiveCfg = Release|Any CPU
		{E3378448-65EF-44B6-BEA2-84E1108E01DA}.Release|x64.Build.0 = Release|Any CPU
		{E3378448-65EF-44B6-BEA2-84E1108E01DA}.Release|x86.ActiveCfg = Release|Any CPU
		{E3378448-65EF-44B6-BEA2-84E1108E01DA}.Release|x86.Build.0 = Release|Any CPU
		{A536B02A-B0B1-4753-8328-17369EF09976}.Debug|Any CPU.ActiveCfg = Debug|Any CPU
		{A536B02A-B0B1-4753-8328-17369EF09976}.Debug|Any CPU.Build.0 = Debug|Any CPU
		{A536B02A-B0B1-4753-8328-17369EF09976}.Debug|x64.ActiveCfg = Debug|Any CPU
		{A536B02A-B0B1-4753-8328-17369EF09976}.Debug|x64.Build.0 = Debug|Any CPU
		{A536B02A-B0B1-4753-8328-17369EF09976}.Debug|x86.ActiveCfg = Debug|Any CPU
		{A536B02A-B0B1-4753-8328-17369EF09976}.Debug|x86.Build.0 = Debug|Any CPU
		{A536B02A-B0B1-4753-8328-17369EF09976}.Release|Any CPU.ActiveCfg = Release|Any CPU
		{A536B02A-B0B1-4753-8328-17369EF09976}.Release|Any CPU.Build.0 = Release|Any CPU
		{A536B02A-B0B1-4753-8328-17369EF09976}.Release|x64.ActiveCfg = Release|Any CPU
		{A536B02A-B0B1-4753-8328-17369EF09976}.Release|x64.Build.0 = Release|Any CPU
		{A536B02A-B0B1-4753-8328-17369EF09976}.Release|x86.ActiveCfg = Release|Any CPU
		{A536B02A-B0B1-4753-8328-17369EF09976}.Release|x86.Build.0 = Release|Any CPU
		{0CF3482A-E508-4E96-B110-B5EE97DDF359}.Debug|Any CPU.ActiveCfg = Debug|Any CPU
		{0CF3482A-E508-4E96-B110-B5EE97DDF359}.Debug|Any CPU.Build.0 = Debug|Any CPU
		{0CF3482A-E508-4E96-B110-B5EE97DDF359}.Debug|x64.ActiveCfg = Debug|Any CPU
		{0CF3482A-E508-4E96-B110-B5EE97DDF359}.Debug|x64.Build.0 = Debug|Any CPU
		{0CF3482A-E508-4E96-B110-B5EE97DDF359}.Debug|x86.ActiveCfg = Debug|Any CPU
		{0CF3482A-E508-4E96-B110-B5EE97DDF359}.Debug|x86.Build.0 = Debug|Any CPU
		{0CF3482A-E508-4E96-B110-B5EE97DDF359}.Release|Any CPU.ActiveCfg = Release|Any CPU
		{0CF3482A-E508-4E96-B110-B5EE97DDF359}.Release|Any CPU.Build.0 = Release|Any CPU
		{0CF3482A-E508-4E96-B110-B5EE97DDF359}.Release|x64.ActiveCfg = Release|Any CPU
		{0CF3482A-E508-4E96-B110-B5EE97DDF359}.Release|x64.Build.0 = Release|Any CPU
		{0CF3482A-E508-4E96-B110-B5EE97DDF359}.Release|x86.ActiveCfg = Release|Any CPU
		{0CF3482A-E508-4E96-B110-B5EE97DDF359}.Release|x86.Build.0 = Release|Any CPU
		{940015B7-F05D-402E-9330-E616A6CE9D7A}.Debug|Any CPU.ActiveCfg = Debug|Any CPU
		{940015B7-F05D-402E-9330-E616A6CE9D7A}.Debug|Any CPU.Build.0 = Debug|Any CPU
		{940015B7-F05D-402E-9330-E616A6CE9D7A}.Debug|x64.ActiveCfg = Debug|Any CPU
		{940015B7-F05D-402E-9330-E616A6CE9D7A}.Debug|x64.Build.0 = Debug|Any CPU
		{940015B7-F05D-402E-9330-E616A6CE9D7A}.Debug|x86.ActiveCfg = Debug|Any CPU
		{940015B7-F05D-402E-9330-E616A6CE9D7A}.Debug|x86.Build.0 = Debug|Any CPU
		{940015B7-F05D-402E-9330-E616A6CE9D7A}.Release|Any CPU.ActiveCfg = Release|Any CPU
		{940015B7-F05D-402E-9330-E616A6CE9D7A}.Release|Any CPU.Build.0 = Release|Any CPU
		{940015B7-F05D-402E-9330-E616A6CE9D7A}.Release|x64.ActiveCfg = Release|Any CPU
		{940015B7-F05D-402E-9330-E616A6CE9D7A}.Release|x64.Build.0 = Release|Any CPU
		{940015B7-F05D-402E-9330-E616A6CE9D7A}.Release|x86.ActiveCfg = Release|Any CPU
		{940015B7-F05D-402E-9330-E616A6CE9D7A}.Release|x86.Build.0 = Release|Any CPU
	EndGlobalSection
	GlobalSection(SolutionProperties) = preSolution
		HideSolutionNode = FALSE
	EndGlobalSection
	GlobalSection(ExtensibilityGlobals) = postSolution
		SolutionGuid = {3AD4EC70-AF0F-4752-AE0A-A33777E479E3}
	EndGlobalSection
EndGlobal
